# @generated by Move, please check-in and do not edit manually.

[move]
version = 2
manifest_digest = "98D61E209B14303968330F0EFC76A2BCA10F1065B357DB92B66C1F4B4555BF8E"
deps_digest = "3C4103934B1E040BB6B23F1D610B4EF9F2F1166A50A104EADCF77467C004C600"
dependencies = [
  { name = "Sui" },
  { name = "sui_rlp" },
]

[[move.package]]
name = "MoveStdlib"
source = { git = "https://github.com/MystenLabs/sui.git", rev = "framework/mainnet", subdir = "crates/sui-framework/packages/move-stdlib" }

[[move.package]]
name = "Sui"
source = { git = "https://github.com/MystenLabs/sui.git", rev = "framework/mainnet", subdir = "crates/sui-framework/packages/sui-framework" }

dependencies = [
  { name = "MoveStdlib" },
]

[[move.package]]
name = "sui_rlp"
source = { git = "https://github.com/icon-project/xcall-multi.git", rev = "sui-xcall-mainnet-deploy", subdir = "contracts/sui/libs/sui_rlp" }

dependencies = [
  { name = "Sui" },
]

[move.toolchain-version]
compiler-version = "1.30.1"
edition = "2024.beta"
flavor = "sui"

[env]

[env.testnet]
chain-id = "4c78adac"
original-published-id = "0x468fb4326302ec28df8812a41e400f3a6be4a94d9fcedf51e5935c9ac2a44226"
latest-published-id = "0x468fb4326302ec28df8812a41e400f3a6be4a94d9fcedf51e5935c9ac2a44226"
published-version = "1"

[env.mainnet]
chain-id = "35834a8a"
original-published-id = "0xbf8044a8f498b43e48ad9ad8a7d23027a45255903e8b4765dda38da2d1b89600"
latest-published-id = "0xbf8044a8f498b43e48ad9ad8a7d23027a45255903e8b4765dda38da2d1b89600"
published-version = "1"
