# @generated by Move, please check-in and do not edit manually.

[move]
version = 3
manifest_digest = "F04B2675790123AE9C78EA6772519B3DE29DF1C6216C20BC091B4F7A24352D09"
deps_digest = "3C4103934B1E040BB6B23F1D610B4EF9F2F1166A50A104EADCF77467C004C600"
dependencies = [
  { id = "Sui", name = "Sui" },
  { id = "sui_rlp", name = "sui_rlp" },
]

[[move.package]]
id = "MoveStdlib"
source = { git = "https://github.com/MystenLabs/sui.git", rev = "framework/testnet", subdir = "crates/sui-framework/packages/move-stdlib" }

[[move.package]]
id = "Sui"
source = { git = "https://github.com/MystenLabs/sui.git", rev = "framework/testnet", subdir = "crates/sui-framework/packages/sui-framework" }

dependencies = [
  { id = "MoveStdlib", name = "MoveStdlib" },
]

[[move.package]]
id = "sui_rlp"
source = { git = "https://github.com/icon-project/xcall-multi.git", rev = "sui-xcall-testnet-deploy", subdir = "contracts/sui/libs/sui_rlp" }

dependencies = [
  { id = "Sui", name = "Sui" },
]

[move.toolchain-version]
compiler-version = "1.37.1"
edition = "2024.beta"
flavor = "sui"

[env]

[env.testnet]
chain-id = "4c78adac"
original-published-id = "0xcc8fb2868f09006b4c8b0699a2648fc7ecc820a8b1195f1086f7d6a78a526d17"
latest-published-id = "0x00a548c42bcde3cdca0f60462082212621b403acdc177426573340a9d0953bf7"
published-version = "2"
